
Microsoft Visual Studio Solution File, Format Version 12.00
# Visual Studio 15
VisualStudioVersion = 15.0.26730.8
MinimumVisualStudioVersion = 10.0.40219.1
Project("{8BC9CEB8-8B4A-11D0-8D11-00A0C91BC942}") = "JellisonP_L3", "JellisonP_L3\JellisonP_L3.vcxproj", "{63D84AA6-FAD9-47B4-8711-C061E1A090C1}"
EndProject
Global
	GlobalSection(SolutionConfigurationPlatforms) = preSolution
		Debug|x64 = Debug|x64
		Debug|x86 = Debug|x86
		Release|x64 = Release|x64
		Release|x86 = Release|x86
	EndGlobalSection
	GlobalSection(ProjectConfigurationPlatforms) = postSolution
		{63D84AA6-FAD9-47B4-8711-C061E1A090C1}.Debug|x64.ActiveCfg = Debug|x64
		{63D84AA6-FAD9-47B4-8711-C061E1A090C1}.Debug|x64.Build.0 = Debug|x64
		{63D84AA6-FAD9-47B4-8711-C061E1A090C1}.Debug|x86.ActiveCfg = Debug|Win32
		{63D84AA6-FAD9-47B4-8711-C061E1A090C1}.Debug|x86.Build.0 = Debug|Win32
		{63D84AA6-FAD9-47B4-8711-C061E1A090C1}.Release|x64.ActiveCfg = Release|x64
		{63D84AA6-FAD9-47B4-8711-C061E1A090C1}.Release|x64.Build.0 = Release|x64
		{63D84AA6-FAD9-47B4-8711-C061E1A090C1}.Release|x86.ActiveCfg = Release|Win32
		{63D84AA6-FAD9-47B4-8711-C061E1A090C1}.Release|x86.Build.0 = Release|Win32
	EndGlobalSection
	GlobalSection(SolutionProperties) = preSolution
		HideSolutionNode = FALSE
	EndGlobalSection
	GlobalSection(ExtensibilityGlobals) = postSolution
		SolutionGuid = {AD9B7742-03C7-42BB-A7A5-13F4B3E30AEB}
	EndGlobalSection
EndGlobal
